
Microsoft Visual Studio Solution File, Format Version 12.00
# Visual Studio Version 17
VisualStudioVersion = 17.9.34616.47
MinimumVisualStudioVersion = 10.0.40219.1
Project("{FAE04EC0-301F-11D3-BF4B-00C04F79EFBC}") = "Student.MVC", "Student.MVC\Student.MVC.csproj", "{33EF31CF-77C0-4351-983A-DA7E6C787AE2}"
EndProject
Project("{FAE04EC0-301F-11D3-BF4B-00C04F79EFBC}") = "Student.DAL", "Student.DAL\Student.DAL.csproj", "{4254AF36-9ECF-44F5-9B06-F9A8189FF86A}"
EndProject
Project("{FAE04EC0-301F-11D3-BF4B-00C04F79EFBC}") = "Student.BL", "Student.BL\Student.BL.csproj", "{EFB97A78-D890-4DCE-BE87-12ED8F87A125}"
EndProject
Global
	GlobalSection(SolutionConfigurationPlatforms) = preSolution
		Debug|Any CPU = Debug|Any CPU
		Release|Any CPU = Release|Any CPU
	EndGlobalSection
	GlobalSection(ProjectConfigurationPlatforms) = postSolution
		{33EF31CF-77C0-4351-983A-DA7E6C787AE2}.Debug|Any CPU.ActiveCfg = Debug|Any CPU
		{33EF31CF-77C0-4351-983A-DA7E6C787AE2}.Debug|Any CPU.Build.0 = Debug|Any CPU
		{33EF31CF-77C0-4351-983A-DA7E6C787AE2}.Release|Any CPU.ActiveCfg = Release|Any CPU
		{33EF31CF-77C0-4351-983A-DA7E6C787AE2}.Release|Any CPU.Build.0 = Release|Any CPU
		{4254AF36-9ECF-44F5-9B06-F9A8189FF86A}.Debug|Any CPU.ActiveCfg = Debug|Any CPU
		{4254AF36-9ECF-44F5-9B06-F9A8189FF86A}.Debug|Any CPU.Build.0 = Debug|Any CPU
		{4254AF36-9ECF-44F5-9B06-F9A8189FF86A}.Release|Any CPU.ActiveCfg = Release|Any CPU
		{4254AF36-9ECF-44F5-9B06-F9A8189FF86A}.Release|Any CPU.Build.0 = Release|Any CPU
		{EFB97A78-D890-4DCE-BE87-12ED8F87A125}.Debug|Any CPU.ActiveCfg = Debug|Any CPU
		{EFB97A78-D890-4DCE-BE87-12ED8F87A125}.Debug|Any CPU.Build.0 = Debug|Any CPU
		{EFB97A78-D890-4DCE-BE87-12ED8F87A125}.Release|Any CPU.ActiveCfg = Release|Any CPU
		{EFB97A78-D890-4DCE-BE87-12ED8F87A125}.Release|Any CPU.Build.0 = Release|Any CPU
	EndGlobalSection
	GlobalSection(SolutionProperties) = preSolution
		HideSolutionNode = FALSE
	EndGlobalSection
	GlobalSection(ExtensibilityGlobals) = postSolution
		SolutionGuid = {75F7532B-9E4B-4E3A-8E6B-E78A2569613E}
	EndGlobalSection
EndGlobal
